
Microsoft Visual Studio Solution File, Format Version 12.00
# Visual Studio Version 16
VisualStudioVersion = 16.0.31025.194
MinimumVisualStudioVersion = 10.0.40219.1
Project("{FAE04EC0-301F-11D3-BF4B-00C04F79EFBC}") = "Day1", "Day1.csproj", "{33363D3D-D046-47BE-A850-9975D3F2D47E}"
EndProject
Global
	GlobalSection(SolutionConfigurationPlatforms) = preSolution
		Debug|Any CPU = Debug|Any CPU
		Release|Any CPU = Release|Any CPU
	EndGlobalSection
	GlobalSection(ProjectConfigurationPlatforms) = postSolution
		{33363D3D-D046-47BE-A850-9975D3F2D47E}.Debug|Any CPU.ActiveCfg = Debug|Any CPU
		{33363D3D-D046-47BE-A850-9975D3F2D47E}.Debug|Any CPU.Build.0 = Debug|Any CPU
		{33363D3D-D046-47BE-A850-9975D3F2D47E}.Release|Any CPU.ActiveCfg = Release|Any CPU
		{33363D3D-D046-47BE-A850-9975D3F2D47E}.Release|Any CPU.Build.0 = Release|Any CPU
	EndGlobalSection
	GlobalSection(SolutionProperties) = preSolution
		HideSolutionNode = FALSE
	EndGlobalSection
	GlobalSection(ExtensibilityGlobals) = postSolution
		SolutionGuid = {CB36A59D-447F-40BC-887F-154CACA6DB56}
	EndGlobalSection
EndGlobal
