
Microsoft Visual Studio Solution File, Format Version 12.00
# Visual Studio Version 16
VisualStudioVersion = 16.0.31025.194
MinimumVisualStudioVersion = 10.0.40219.1
Project("{F2A71F9B-5D33-465A-A702-920D77279786}") = "Day7", "Day7.fsproj", "{CE4D1FE0-3B98-4BBC-8FA2-9638071BCCBB}"
EndProject
Global
	GlobalSection(SolutionConfigurationPlatforms) = preSolution
		Debug|Any CPU = Debug|Any CPU
		Release|Any CPU = Release|Any CPU
	EndGlobalSection
	GlobalSection(ProjectConfigurationPlatforms) = postSolution
		{CE4D1FE0-3B98-4BBC-8FA2-9638071BCCBB}.Debug|Any CPU.ActiveCfg = Debug|Any CPU
		{CE4D1FE0-3B98-4BBC-8FA2-9638071BCCBB}.Debug|Any CPU.Build.0 = Debug|Any CPU
		{CE4D1FE0-3B98-4BBC-8FA2-9638071BCCBB}.Release|Any CPU.ActiveCfg = Release|Any CPU
		{CE4D1FE0-3B98-4BBC-8FA2-9638071BCCBB}.Release|Any CPU.Build.0 = Release|Any CPU
	EndGlobalSection
	GlobalSection(SolutionProperties) = preSolution
		HideSolutionNode = FALSE
	EndGlobalSection
	GlobalSection(ExtensibilityGlobals) = postSolution
		SolutionGuid = {54585128-1529-4CD6-9E73-2B4364BA23F9}
	EndGlobalSection
EndGlobal
